
Microsoft Visual Studio Solution File, Format Version 11.00
# Visual Studio 2010
Project("{FAE04EC0-301F-11D3-BF4B-00C04F79EFBC}") = "PetVictus", "Assembly-CSharp.csproj", "{7B650531-EB71-D78D-4B35-93A1B4427E14}"
EndProject
Project("{FAE04EC0-301F-11D3-BF4B-00C04F79EFBC}") = "PetVictus", "Assembly-CSharp-Editor.csproj", "{D1E98D4F-FFC3-B0C4-A69B-F0E6B35953E8}"
EndProject
Global
	GlobalSection(SolutionConfigurationPlatforms) = preSolution
		Debug|Any CPU = Debug|Any CPU
		Release|Any CPU = Release|Any CPU
	EndGlobalSection
	GlobalSection(ProjectConfigurationPlatforms) = postSolution
		{7B650531-EB71-D78D-4B35-93A1B4427E14}.Debug|Any CPU.ActiveCfg = Debug|Any CPU
		{7B650531-EB71-D78D-4B35-93A1B4427E14}.Debug|Any CPU.Build.0 = Debug|Any CPU
		{7B650531-EB71-D78D-4B35-93A1B4427E14}.Release|Any CPU.ActiveCfg = Release|Any CPU
		{7B650531-EB71-D78D-4B35-93A1B4427E14}.Release|Any CPU.Build.0 = Release|Any CPU
		{D1E98D4F-FFC3-B0C4-A69B-F0E6B35953E8}.Debug|Any CPU.ActiveCfg = Debug|Any CPU
		{D1E98D4F-FFC3-B0C4-A69B-F0E6B35953E8}.Debug|Any CPU.Build.0 = Debug|Any CPU
		{D1E98D4F-FFC3-B0C4-A69B-F0E6B35953E8}.Release|Any CPU.ActiveCfg = Release|Any CPU
		{D1E98D4F-FFC3-B0C4-A69B-F0E6B35953E8}.Release|Any CPU.Build.0 = Release|Any CPU
	EndGlobalSection
	GlobalSection(SolutionProperties) = preSolution
		HideSolutionNode = FALSE
	EndGlobalSection
	GlobalSection(MonoDevelopProperties) = preSolution
		StartupItem = Assembly-CSharp.csproj
	EndGlobalSection
EndGlobal
